// !$*UTF8*$!
{
	archiveVersion = 1;
	classes = {
	};
	objectVersion = 50;
	objects = {

/* Begin PBXBuildFile section */
		24DF0CAC22F811EF003DF124 /* AppDelegate.m in Sources */ = {isa = PBXBuildFile; fileRef = 24DF0CAB22F811EF003DF124 /* AppDelegate.m */; };
		24DF0CAF22F811EF003DF124 /* ViewController.m in Sources */ = {isa = PBXBuildFile; fileRef = 24DF0CAE22F811EF003DF124 /* ViewController.m */; };
		24DF0CB222F811EF003DF124 /* Main.storyboard in Resources */ = {isa = PBXBuildFile; fileRef = 24DF0CB022F811EF003DF124 /* Main.storyboard */; };
		24DF0CB422F811F1003DF124 /* Assets.xcassets in Resources */ = {isa = PBXBuildFile; fileRef = 24DF0CB322F811F1003DF124 /* Assets.xcassets */; };
		24DF0CB722F811F1003DF124 /* LaunchScreen.storyboard in Resources */ = {isa = PBXBuildFile; fileRef = 24DF0CB522F811F1003DF124 /* LaunchScreen.storyboard */; };
		24DF0CBA22F811F1003DF124 /* main.m in Sources */ = {isa = PBXBuildFile; fileRef = 24DF0CB922F811F1003DF124 /* main.m */; };
		24DF0CC422F811F1003DF124 /* MyOpenGLTests.m in Sources */ = {isa = PBXBuildFile; fileRef = 24DF0CC322F811F1003DF124 /* MyOpenGLTests.m */; };
		24DF0CCF22F811F1003DF124 /* MyOpenGLUITests.m in Sources */ = {isa = PBXBuildFile; fileRef = 24DF0CCE22F811F1003DF124 /* MyOpenGLUITests.m */; };
		24DF0CDE22F816F8003DF124 /* glsl.vsh in Resources */ = {isa = PBXBuildFile; fileRef = 24DF0CDC22F816F7003DF124 /* glsl.vsh */; };
		24DF0CDF22F816F8003DF124 /* glsl.fsh in Resources */ = {isa = PBXBuildFile; fileRef = 24DF0CDD22F816F7003DF124 /* glsl.fsh */; };
		24DF0CE122F81736003DF124 /* test123.png in Resources */ = {isa = PBXBuildFile; fileRef = 24DF0CE022F81735003DF124 /* test123.png */; };
/* End PBXBuildFile section */

/* Begin PBXContainerItemProxy section */
		24DF0CC022F811F1003DF124 /* PBXContainerItemProxy */ = {
			isa = PBXContainerItemProxy;
			containerPortal = 24DF0C9F22F811EF003DF124 /* Project object */;
			proxyType = 1;
			remoteGlobalIDString = 24DF0CA622F811EF003DF124;
			remoteInfo = MyOpenGL;
		};
		24DF0CCB22F811F1003DF124 /* PBXContainerItemProxy */ = {
			isa = PBXContainerItemProxy;
			containerPortal = 24DF0C9F22F811EF003DF124 /* Project object */;
			proxyType = 1;
			remoteGlobalIDString = 24DF0CA622F811EF003DF124;
			remoteInfo = MyOpenGL;
		};
/* End PBXContainerItemProxy section */

/* Begin PBXFileReference section */
		24DF0CA722F811EF003DF124 /* MyOpenGL.app */ = {isa = PBXFileReference; explicitFileType = wrapper.application; includeInIndex = 0; path = MyOpenGL.app; sourceTree = BUILT_PRODUCTS_DIR; };
		24DF0CAA22F811EF003DF124 /* AppDelegate.h */ = {isa = PBXFileReference; lastKnownFileType = sourcecode.c.h; path = AppDelegate.h; sourceTree = "<group>"; };
		24DF0CAB22F811EF003DF124 /* AppDelegate.m */ = {isa = PBXFileReference; lastKnownFileType = sourcecode.c.objc; path = AppDelegate.m; sourceTree = "<group>"; };
		24DF0CAD22F811EF003DF124 /* ViewController.h */ = {isa = PBXFileReference; lastKnownFileType = sourcecode.c.h; path = ViewController.h; sourceTree = "<group>"; };
		24DF0CAE22F811EF003DF124 /* ViewController.m */ = {isa = PBXFileReference; lastKnownFileType = sourcecode.c.objc; path = ViewController.m; sourceTree = "<group>"; };
		24DF0CB122F811EF003DF124 /* Base */ = {isa = PBXFileReference; lastKnownFileType = file.storyboard; name = Base; path = Base.lproj/Main.storyboard; sourceTree = "<group>"; };
		24DF0CB322F811F1003DF124 /* Assets.xcassets */ = {isa = PBXFileReference; lastKnownFileType = folder.assetcatalog; path = Assets.xcassets; sourceTree = "<group>"; };
		24DF0CB622F811F1003DF124 /* Base */ = {isa = PBXFileReference; lastKnownFileType = file.storyboard; name = Base; path = Base.lproj/LaunchScreen.storyboard; sourceTree = "<group>"; };
		24DF0CB822F811F1003DF124 /* Info.plist */ = {isa = PBXFileReference; lastKnownFileType = text.plist.xml; path = Info.plist; sourceTree = "<group>"; };
		24DF0CB922F811F1003DF124 /* main.m */ = {isa = PBXFileReference; lastKnownFileType = sourcecode.c.objc; path = main.m; sourceTree = "<group>"; };
		24DF0CBF22F811F1003DF124 /* MyOpenGLTests.xctest */ = {isa = PBXFileReference; explicitFileType = wrapper.cfbundle; includeInIndex = 0; path = MyOpenGLTests.xctest; sourceTree = BUILT_PRODUCTS_DIR; };
		24DF0CC322F811F1003DF124 /* MyOpenGLTests.m */ = {isa = PBXFileReference; lastKnownFileType = sourcecode.c.objc; path = MyOpenGLTests.m; sourceTree = "<group>"; };
		24DF0CC522F811F1003DF124 /* Info.plist */ = {isa = PBXFileReference; lastKnownFileType = text.plist.xml; path = Info.plist; sourceTree = "<group>"; };
		24DF0CCA22F811F1003DF124 /* MyOpenGLUITests.xctest */ = {isa = PBXFileReference; explicitFileType = wrapper.cfbundle; includeInIndex = 0; path = MyOpenGLUITests.xctest; sourceTree = BUILT_PRODUCTS_DIR; };
		24DF0CCE22F811F1003DF124 /* MyOpenGLUITests.m */ = {isa = PBXFileReference; lastKnownFileType = sourcecode.c.objc; path = MyOpenGLUITests.m; sourceTree = "<group>"; };
		24DF0CD022F811F1003DF124 /* Info.plist */ = {isa = PBXFileReference; lastKnownFileType = text.plist.xml; path = Info.plist; sourceTree = "<group>"; };
		24DF0CDC22F816F7003DF124 /* glsl.vsh */ = {isa = PBXFileReference; fileEncoding = 4; lastKnownFileType = sourcecode.glsl; path = glsl.vsh; sourceTree = "<group>"; };
		24DF0CDD22F816F7003DF124 /* glsl.fsh */ = {isa = PBXFileReference; fileEncoding = 4; lastKnownFileType = sourcecode.glsl; path = glsl.fsh; sourceTree = "<group>"; };
		24DF0CE022F81735003DF124 /* test123.png */ = {isa = PBXFileReference; lastKnownFileType = image.png; path = test123.png; sourceTree = "<group>"; };
/* End PBXFileReference section */

/* Begin PBXFrameworksBuildPhase section */
		24DF0CA422F811EF003DF124 /* Frameworks */ = {
			isa = PBXFrameworksBuildPhase;
			buildActionMask = 2147483647;
			files = (
			);
			runOnlyForDeploymentPostprocessing = 0;
		};
		24DF0CBC22F811F1003DF124 /* Frameworks */ = {
			isa = PBXFrameworksBuildPhase;
			buildActionMask = 2147483647;
			files = (
			);
			runOnlyForDeploymentPostprocessing = 0;
		};
		24DF0CC722F811F1003DF124 /* Frameworks */ = {
			isa = PBXFrameworksBuildPhase;
			buildActionMask = 2147483647;
			files = (
			);
			runOnlyForDeploymentPostprocessing = 0;
		};
/* End PBXFrameworksBuildPhase section */

/* Begin PBXGroup section */
		24DF0C9E22F811EF003DF124 = {
			isa = PBXGroup;
			children = (
				24DF0CA922F811EF003DF124 /* MyOpenGL */,
				24DF0CC222F811F1003DF124 /* MyOpenGLTests */,
				24DF0CCD22F811F1003DF124 /* MyOpenGLUITests */,
				24DF0CA822F811EF003DF124 /* Products */,
			);
			sourceTree = "<group>";
		};
		24DF0CA822F811EF003DF124 /* Products */ = {
			isa = PBXGroup;
			children = (
				24DF0CA722F811EF003DF124 /* MyOpenGL.app */,
				24DF0CBF22F811F1003DF124 /* MyOpenGLTests.xctest */,
				24DF0CCA22F811F1003DF124 /* MyOpenGLUITests.xctest */,
			);
			name = Products;
			sourceTree = "<group>";
		};
		24DF0CA922F811EF003DF124 /* MyOpenGL */ = {
			isa = PBXGroup;
			children = (
				24DF0CE022F81735003DF124 /* test123.png */,
				24DF0CDD22F816F7003DF124 /* glsl.fsh */,
				24DF0CDC22F816F7003DF124 /* glsl.vsh */,
				24DF0CAA22F811EF003DF124 /* AppDelegate.h */,
				24DF0CAB22F811EF003DF124 /* AppDelegate.m */,
				24DF0CAD22F811EF003DF124 /* ViewController.h */,
				24DF0CAE22F811EF003DF124 /* ViewController.m */,
				24DF0CB022F811EF003DF124 /* Main.storyboard */,
				24DF0CB322F811F1003DF124 /* Assets.xcassets */,
				24DF0CB522F811F1003DF124 /* LaunchScreen.storyboard */,
				24DF0CB822F811F1003DF124 /* Info.plist */,
				24DF0CB922F811F1003DF124 /* main.m */,
			);
			path = MyOpenGL;
			sourceTree = "<group>";
		};
		24DF0CC222F811F1003DF124 /* MyOpenGLTests */ = {
			isa = PBXGroup;
			children = (
				24DF0CC322F811F1003DF124 /* MyOpenGLTests.m */,
				24DF0CC522F811F1003DF124 /* Info.plist */,
			);
			path = MyOpenGLTests;
			sourceTree = "<group>";
		};
		24DF0CCD22F811F1003DF124 /* MyOpenGLUITests */ = {
			isa = PBXGroup;
			children = (
				24DF0CCE22F811F1003DF124 /* MyOpenGLUITests.m */,
				24DF0CD022F811F1003DF124 /* Info.plist */,
			);
			path = MyOpenGLUITests;
			sourceTree = "<group>";
		};
/* End PBXGroup section */

/* Begin PBXNativeTarget section */
		24DF0CA622F811EF003DF124 /* MyOpenGL */ = {
			isa = PBXNativeTarget;
			buildConfigurationList = 24DF0CD322F811F1003DF124 /* Build configuration list for PBXNativeTarget "MyOpenGL" */;
			buildPhases = (
				24DF0CA322F811EF003DF124 /* Sources */,
				24DF0CA422F811EF003DF124 /* Frameworks */,
				24DF0CA522F811EF003DF124 /* Resources */,
			);
			buildRules = (
			);
			dependencies = (
			);
			name = MyOpenGL;
			productName = MyOpenGL;
			productReference = 24DF0CA722F811EF003DF124 /* MyOpenGL.app */;
			productType = "com.apple.product-type.application";
		};
		24DF0CBE22F811F1003DF124 /* MyOpenGLTests */ = {
			isa = PBXNativeTarget;
			buildConfigurationList = 24DF0CD622F811F1003DF124 /* Build configuration list for PBXNativeTarget "MyOpenGLTests" */;
			buildPhases = (
				24DF0CBB22F811F1003DF124 /* Sources */,
				24DF0CBC22F811F1003DF124 /* Frameworks */,
				24DF0CBD22F811F1003DF124 /* Resources */,
			);
			buildRules = (
			);
			dependencies = (
				24DF0CC122F811F1003DF124 /* PBXTargetDependency */,
			);
			name = MyOpenGLTests;
			productName = MyOpenGLTests;
			productReference = 24DF0CBF22F811F1003DF124 /* MyOpenGLTests.xctest */;
			productType = "com.apple.product-type.bundle.unit-test";
		};
		24DF0CC922F811F1003DF124 /* MyOpenGLUITests */ = {
			isa = PBXNativeTarget;
			buildConfigurationList = 24DF0CD922F811F1003DF124 /* Build configuration list for PBXNativeTarget "MyOpenGLUITests" */;
			buildPhases = (
				24DF0CC622F811F1003DF124 /* Sources */,
				24DF0CC722F811F1003DF124 /* Frameworks */,
				24DF0CC822F811F1003DF124 /* Resources */,
			);
			buildRules = (
			);
			dependencies = (
				24DF0CCC22F811F1003DF124 /* PBXTargetDependency */,
			);
			name = MyOpenGLUITests;
			productName = MyOpenGLUITests;
			productReference = 24DF0CCA22F811F1003DF124 /* MyOpenGLUITests.xctest */;
			productType = "com.apple.product-type.bundle.ui-testing";
		};
/* End PBXNativeTarget section */

/* Begin PBXProject section */
		24DF0C9F22F811EF003DF124 /* Project object */ = {
			isa = PBXProject;
			attributes = {
				LastUpgradeCheck = 1020;
				ORGANIZATIONNAME = butter;
				TargetAttributes = {
					24DF0CA622F811EF003DF124 = {
						CreatedOnToolsVersion = 10.2.1;
					};
					24DF0CBE22F811F1003DF124 = {
						CreatedOnToolsVersion = 10.2.1;
						TestTargetID = 24DF0CA622F811EF003DF124;
					};
					24DF0CC922F811F1003DF124 = {
						CreatedOnToolsVersion = 10.2.1;
						TestTargetID = 24DF0CA622F811EF003DF124;
					};
				};
			};
			buildConfigurationList = 24DF0CA222F811EF003DF124 /* Build configuration list for PBXProject "MyOpenGL" */;
			compatibilityVersion = "Xcode 9.3";
			developmentRegion = en;
			hasScannedForEncodings = 0;
			knownRegions = (
				en,
				Base,
			);
			mainGroup = 24DF0C9E22F811EF003DF124;
			productRefGroup = 24DF0CA822F811EF003DF124 /* Products */;
			projectDirPath = "";
			projectRoot = "";
			targets = (
				24DF0CA622F811EF003DF124 /* MyOpenGL */,
				24DF0CBE22F811F1003DF124 /* MyOpenGLTests */,
				24DF0CC922F811F1003DF124 /* MyOpenGLUITests */,
			);
		};
/* End PBXProject section */

/* Begin PBXResourcesBuildPhase section */
		24DF0CA522F811EF003DF124 /* Resources */ = {
			isa = PBXResourcesBuildPhase;
			buildActionMask = 2147483647;
			files = (
				24DF0CB722F811F1003DF124 /* LaunchScreen.storyboard in Resources */,
				24DF0CDE22F816F8003DF124 /* glsl.vsh in Resources */,
				24DF0CB422F811F1003DF124 /* Assets.xcassets in Resources */,
				24DF0CDF22F816F8003DF124 /* glsl.fsh in Resources */,
				24DF0CE122F81736003DF124 /* test123.png in Resources */,
				24DF0CB222F811EF003DF124 /* Main.storyboard in Resources */,
			);
			runOnlyForDeploymentPostprocessing = 0;
		};
		24DF0CBD22F811F1003DF124 /* Resources */ = {
			isa = PBXResourcesBuildPhase;
			buildActionMask = 2147483647;
			files = (
			);
			runOnlyForDeploymentPostprocessing = 0;
		};
		24DF0CC822F811F1003DF124 /* Resources */ = {
			isa = PBXResourcesBuildPhase;
			buildActionMask = 2147483647;
			files = (
			);
			runOnlyForDeploymentPostprocessing = 0;
		};
/* End PBXResourcesBuildPhase section */

/* Begin PBXSourcesBuildPhase section */
		24DF0CA322F811EF003DF124 /* Sources */ = {
			isa = PBXSourcesBuildPhase;
			buildActionMask = 2147483647;
			files = (
				24DF0CAF22F811EF003DF124 /* ViewController.m in Sources */,
				24DF0CBA22F811F1003DF124 /* main.m in Sources */,
				24DF0CAC22F811EF003DF124 /* AppDelegate.m in Sources */,
			);
			runOnlyForDeploymentPostprocessing = 0;
		};
		24DF0CBB22F811F1003DF124 /* Sources */ = {
			isa = PBXSourcesBuildPhase;
			buildActionMask = 2147483647;
			files = (
				24DF0CC422F811F1003DF124 /* MyOpenGLTests.m in Sources */,
			);
			runOnlyForDeploymentPostprocessing = 0;
		};
		24DF0CC622F811F1003DF124 /* Sources */ = {
			isa = PBXSourcesBuildPhase;
			buildActionMask = 2147483647;
			files = (
				24DF0CCF22F811F1003DF124 /* MyOpenGLUITests.m in Sources */,
			);
			runOnlyForDeploymentPostprocessing = 0;
		};
/* End PBXSourcesBuildPhase section */

/* Begin PBXTargetDependency section */
		24DF0CC122F811F1003DF124 /* PBXTargetDependency */ = {
			isa = PBXTargetDependency;
			target = 24DF0CA622F811EF003DF124 /* MyOpenGL */;
			targetProxy = 24DF0CC022F811F1003DF124 /* PBXContainerItemProxy */;
		};
		24DF0CCC22F811F1003DF124 /* PBXTargetDependency */ = {
			isa = PBXTargetDependency;
			target = 24DF0CA622F811EF003DF124 /* MyOpenGL */;
			targetProxy = 24DF0CCB22F811F1003DF124 /* PBXContainerItemProxy */;
		};
/* End PBXTargetDependency section */

/* Begin PBXVariantGroup section */
		24DF0CB022F811EF003DF124 /* Main.storyboard */ = {
			isa = PBXVariantGroup;
			children = (
				24DF0CB122F811EF003DF124 /* Base */,
			);
			name = Main.storyboard;
			sourceTree = "<group>";
		};
		24DF0CB522F811F1003DF124 /* LaunchScreen.storyboard */ = {
			isa = PBXVariantGroup;
			children = (
				24DF0CB622F811F1003DF124 /* Base */,
			);
			name = LaunchScreen.storyboard;
			sourceTree = "<group>";
		};
/* End PBXVariantGroup section */

/* Begin XCBuildConfiguration section */
		24DF0CD122F811F1003DF124 /* Debug */ = {
			isa = XCBuildConfiguration;
			buildSettings = {
				ALWAYS_SEARCH_USER_PATHS = NO;
				CLANG_ANALYZER_NONNULL = YES;
				CLANG_ANALYZER_NUMBER_OBJECT_CONVERSION = YES_AGGRESSIVE;
				CLANG_CXX_LANGUAGE_STANDARD = "gnu++14";
				CLANG_CXX_LIBRARY = "libc++";
				CLANG_ENABLE_MODULES = YES;
				CLANG_ENABLE_OBJC_ARC = YES;
				CLANG_ENABLE_OBJC_WEAK = YES;
				CLANG_WARN_BLOCK_CAPTURE_AUTORELEASING = YES;
				CLANG_WARN_BOOL_CONVERSION = YES;
				CLANG_WARN_COMMA = YES;
				CLANG_WARN_CONSTANT_CONVERSION = YES;
				CLANG_WARN_DEPRECATED_OBJC_IMPLEMENTATIONS = YES;
				CLANG_WARN_DIRECT_OBJC_ISA_USAGE = YES_ERROR;
				CLANG_WARN_DOCUMENTATION_COMMENTS = YES;
				CLANG_WARN_EMPTY_BODY = YES;
				CLANG_WARN_ENUM_CONVERSION = YES;
				CLANG_WARN_INFINITE_RECURSION = YES;
				CLANG_WARN_INT_CONVERSION = YES;
				CLANG_WARN_NON_LITERAL_NULL_CONVERSION = YES;
				CLANG_WARN_OBJC_IMPLICIT_RETAIN_SELF = YES;
				CLANG_WARN_OBJC_LITERAL_CONVERSION = YES;
				CLANG_WARN_OBJC_ROOT_CLASS = YES_ERROR;
				CLANG_WARN_RANGE_LOOP_ANALYSIS = YES;
				CLANG_WARN_STRICT_PROTOTYPES = YES;
				CLANG_WARN_SUSPICIOUS_MOVE = YES;
				CLANG_WARN_UNGUARDED_AVAILABILITY = YES_AGGRESSIVE;
				CLANG_WARN_UNREACHABLE_CODE = YES;
				CLANG_WARN__DUPLICATE_METHOD_MATCH = YES;
				CODE_SIGN_IDENTITY = "iPhone Developer";
				COPY_PHASE_STRIP = NO;
				DEBUG_INFORMATION_FORMAT = dwarf;
				ENABLE_STRICT_OBJC_MSGSEND = YES;
				ENABLE_TESTABILITY = YES;
				GCC_C_LANGUAGE_STANDARD = gnu11;
				GCC_DYNAMIC_NO_PIC = NO;
				GCC_NO_COMMON_BLOCKS = YES;
				GCC_OPTIMIZATION_LEVEL = 0;
				GCC_PREPROCESSOR_DEFINITIONS = (
					"DEBUG=1",
					"$(inherited)",
				);
				GCC_WARN_64_TO_32_BIT_CONVERSION = YES;
				GCC_WARN_ABOUT_RETURN_TYPE = YES_ERROR;
				GCC_WARN_UNDECLARED_SELECTOR = YES;
				GCC_WARN_UNINITIALIZED_AUTOS = YES_AGGRESSIVE;
				GCC_WARN_UNUSED_FUNCTION = YES;
				GCC_WARN_UNUSED_VARIABLE = YES;
				IPHONEOS_DEPLOYMENT_TARGET = 12.2;
				MTL_ENABLE_DEBUG_INFO = INCLUDE_SOURCE;
				MTL_FAST_MATH = YES;
				ONLY_ACTIVE_ARCH = YES;
				SDKROOT = iphoneos;
			};
			name = Debug;
		};
		24DF0CD222F811F1003DF124 /* Release */ = {
			isa = XCBuildConfiguration;
			buildSettings = {
				ALWAYS_SEARCH_USER_PATHS = NO;
				CLANG_ANALYZER_NONNULL = YES;
				CLANG_ANALYZER_NUMBER_OBJECT_CONVERSION = YES_AGGRESSIVE;
				CLANG_CXX_LANGUAGE_STANDARD = "gnu++14";
				CLANG_CXX_LIBRARY = "libc++";
				CLANG_ENABLE_MODULES = YES;
				CLANG_ENABLE_OBJC_ARC = YES;
				CLANG_ENABLE_OBJC_WEAK = YES;
				CLANG_WARN_BLOCK_CAPTURE_AUTORELEASING = YES;
				CLANG_WARN_BOOL_CONVERSION = YES;
				CLANG_WARN_COMMA = YES;
				CLANG_WARN_CONSTANT_CONVERSION = YES;
				CLANG_WARN_DEPRECATED_OBJC_IMPLEMENTATIONS = YES;
				CLANG_WARN_DIRECT_OBJC_ISA_USAGE = YES_ERROR;
				CLANG_WARN_DOCUMENTATION_COMMENTS = YES;
				CLANG_WARN_EMPTY_BODY = YES;
				CLANG_WARN_ENUM_CONVERSION = YES;
				CLANG_WARN_INFINITE_RECURSION = YES;
				CLANG_WARN_INT_CONVERSION = YES;
				CLANG_WARN_NON_LITERAL_NULL_CONVERSION = YES;
				CLANG_WARN_OBJC_IMPLICIT_RETAIN_SELF = YES;
				CLANG_WARN_OBJC_LITERAL_CONVERSION = YES;
				CLANG_WARN_OBJC_ROOT_CLASS = YES_ERROR;
				CLANG_WARN_RANGE_LOOP_ANALYSIS = YES;
				CLANG_WARN_STRICT_PROTOTYPES = YES;
				CLANG_WARN_SUSPICIOUS_MOVE = YES;
				CLANG_WARN_UNGUARDED_AVAILABILITY = YES_AGGRESSIVE;
				CLANG_WARN_UNREACHABLE_CODE = YES;
				CLANG_WARN__DUPLICATE_METHOD_MATCH = YES;
				CODE_SIGN_IDENTITY = "iPhone Developer";
				COPY_PHASE_STRIP = NO;
				DEBUG_INFORMATION_FORMAT = "dwarf-with-dsym";
				ENABLE_NS_ASSERTIONS = NO;
				ENABLE_STRICT_OBJC_MSGSEND = YES;
				GCC_C_LANGUAGE_STANDARD = gnu11;
				GCC_NO_COMMON_BLOCKS = YES;
				GCC_WARN_64_TO_32_BIT_CONVERSION = YES;
				GCC_WARN_ABOUT_RETURN_TYPE = YES_ERROR;
				GCC_WARN_UNDECLARED_SELECTOR = YES;
				GCC_WARN_UNINITIALIZED_AUTOS = YES_AGGRESSIVE;
				GCC_WARN_UNUSED_FUNCTION = YES;
				GCC_WARN_UNUSED_VARIABLE = YES;
				IPHONEOS_DEPLOYMENT_TARGET = 12.2;
				MTL_ENABLE_DEBUG_INFO = NO;
				MTL_FAST_MATH = YES;
				SDKROOT = iphoneos;
				VALIDATE_PRODUCT = YES;
			};
			name = Release;
		};
		24DF0CD422F811F1003DF124 /* Debug */ = {
			isa = XCBuildConfiguration;
			buildSettings = {
				ASSETCATALOG_COMPILER_APPICON_NAME = AppIcon;
				CODE_SIGN_STYLE = Automatic;
				DEVELOPMENT_TEAM = BGH7S67FXX;
				INFOPLIST_FILE = MyOpenGL/Info.plist;
				IPHONEOS_DEPLOYMENT_TARGET = 9.0;
				LD_RUNPATH_SEARCH_PATHS = (
					"$(inherited)",
					"@executable_path/Frameworks",
				);
				PRODUCT_BUNDLE_IDENTIFIER = buttem.com.MyOpenGL;
				PRODUCT_NAME = "$(TARGET_NAME)";
				TARGETED_DEVICE_FAMILY = "1,2";
			};
			name = Debug;
		};
		24DF0CD522F811F1003DF124 /* Release */ = {
			isa = XCBuildConfiguration;
			buildSettings = {
				ASSETCATALOG_COMPILER_APPICON_NAME = AppIcon;
				CODE_SIGN_STYLE = Automatic;
				DEVELOPMENT_TEAM = BGH7S67FXX;
				INFOPLIST_FILE = MyOpenGL/Info.plist;
				IPHONEOS_DEPLOYMENT_TARGET = 9.0;
				LD_RUNPATH_SEARCH_PATHS = (
					"$(inherited)",
					"@executable_path/Frameworks",
				);
				PRODUCT_BUNDLE_IDENTIFIER = buttem.com.MyOpenGL;
				PRODUCT_NAME = "$(TARGET_NAME)";
				TARGETED_DEVICE_FAMILY = "1,2";
			};
			name = Release;
		};
		24DF0CD722F811F1003DF124 /* Debug */ = {
			isa = XCBuildConfiguration;
			buildSettings = {
				BUNDLE_LOADER = "$(TEST_HOST)";
				CODE_SIGN_STYLE = Automatic;
				DEVELOPMENT_TEAM = BGH7S67FXX;
				INFOPLIST_FILE = MyOpenGLTests/Info.plist;
				LD_RUNPATH_SEARCH_PATHS = (
					"$(inherited)",
					"@executable_path/Frameworks",
					"@loader_path/Frameworks",
				);
				PRODUCT_BUNDLE_IDENTIFIER = buttem.com.MyOpenGLTests;
				PRODUCT_NAME = "$(TARGET_NAME)";
				TARGETED_DEVICE_FAMILY = "1,2";
				TEST_HOST = "$(BUILT_PRODUCTS_DIR)/MyOpenGL.app/MyOpenGL";
			};
			name = Debug;
		};
		24DF0CD822F811F1003DF124 /* Release */ = {
			isa = XCBuildConfiguration;
			buildSettings = {
				BUNDLE_LOADER = "$(TEST_HOST)";
				CODE_SIGN_STYLE = Automatic;
				DEVELOPMENT_TEAM = BGH7S67FXX;
				INFOPLIST_FILE = MyOpenGLTests/Info.plist;
				LD_RUNPATH_SEARCH_PATHS = (
					"$(inherited)",
					"@executable_path/Frameworks",
					"@loader_path/Frameworks",
				);
				PRODUCT_BUNDLE_IDENTIFIER = buttem.com.MyOpenGLTests;
				PRODUCT_NAME = "$(TARGET_NAME)";
				TARGETED_DEVICE_FAMILY = "1,2";
				TEST_HOST = "$(BUILT_PRODUCTS_DIR)/MyOpenGL.app/MyOpenGL";
			};
			name = Release;
		};
		24DF0CDA22F811F1003DF124 /* Debug */ = {
			isa = XCBuildConfiguration;
			buildSettings = {
				CODE_SIGN_STYLE = Automatic;
				DEVELOPMENT_TEAM = BGH7S67FXX;
				INFOPLIST_FILE = MyOpenGLUITests/Info.plist;
				LD_RUNPATH_SEARCH_PATHS = (
					"$(inherited)",
					"@executable_path/Frameworks",
					"@loader_path/Frameworks",
				);
				PRODUCT_BUNDLE_IDENTIFIER = buttem.com.MyOpenGLUITests;
				PRODUCT_NAME = "$(TARGET_NAME)";
				TARGETED_DEVICE_FAMILY = "1,2";
				TEST_TARGET_NAME = MyOpenGL;
			};
			name = Debug;
		};
		24DF0CDB22F811F1003DF124 /* Release */ = {
			isa = XCBuildConfiguration;
			buildSettings = {
				CODE_SIGN_STYLE = Automatic;
				DEVELOPMENT_TEAM = BGH7S67FXX;
				INFOPLIST_FILE = MyOpenGLUITests/Info.plist;
				LD_RUNPATH_SEARCH_PATHS = (
					"$(inherited)",
					"@executable_path/Frameworks",
					"@loader_path/Frameworks",
				);
				PRODUCT_BUNDLE_IDENTIFIER = buttem.com.MyOpenGLUITests;
				PRODUCT_NAME = "$(TARGET_NAME)";
				TARGETED_DEVICE_FAMILY = "1,2";
				TEST_TARGET_NAME = MyOpenGL;
			};
			name = Release;
		};
/* End XCBuildConfiguration section */

/* Begin XCConfigurationList section */
		24DF0CA222F811EF003DF124 /* Build configuration list for PBXProject "MyOpenGL" */ = {
			isa = XCConfigurationList;
			buildConfigurations = (
				24DF0CD122F811F1003DF124 /* Debug */,
				24DF0CD222F811F1003DF124 /* Release */,
			);
			defaultConfigurationIsVisible = 0;
			defaultConfigurationName = Release;
		};
		24DF0CD322F811F1003DF124 /* Build configuration list for PBXNativeTarget "MyOpenGL" */ = {
			isa = XCConfigurationList;
			buildConfigurations = (
				24DF0CD422F811F1003DF124 /* Debug */,
				24DF0CD522F811F1003DF124 /* Release */,
			);
			defaultConfigurationIsVisible = 0;
			defaultConfigurationName = Release;
		};
		24DF0CD622F811F1003DF124 /* Build configuration list for PBXNativeTarget "MyOpenGLTests" */ = {
			isa = XCConfigurationList;
			buildConfigurations = (
				24DF0CD722F811F1003DF124 /* Debug */,
				24DF0CD822F811F1003DF124 /* Release */,
			);
			defaultConfigurationIsVisible = 0;
			defaultConfigurationName = Release;
		};
		24DF0CD922F811F1003DF124 /* Build configuration list for PBXNativeTarget "MyOpenGLUITests" */ = {
			isa = XCConfigurationList;
			buildConfigurations = (
				24DF0CDA22F811F1003DF124 /* Debug */,
				24DF0CDB22F811F1003DF124 /* Release */,
			);
			defaultConfigurationIsVisible = 0;
			defaultConfigurationName = Release;
		};
/* End XCConfigurationList section */
	};
	rootObject = 24DF0C9F22F811EF003DF124 /* Project object */;
}
